
Microsoft Visual Studio Solution File, Format Version 12.00
Project("{FAE04EC0-301F-11D3-BF4B-00C04F79EFBC}") = "ClassLibrary1", "ClassLibrary1\ClassLibrary1.csproj", "{9C1A420F-CB43-4F8C-A4A8-3991ABBF26A7}"
EndProject
Project("{FAE04EC0-301F-11D3-BF4B-00C04F79EFBC}") = "TestProject1", "TestProject1\TestProject1.csproj", "{383A0347-DE16-4560-A1C7-DE859B285590}"
EndProject
Global
	GlobalSection(SolutionConfigurationPlatforms) = preSolution
		Debug|Any CPU = Debug|Any CPU
		Release|Any CPU = Release|Any CPU
	EndGlobalSection
	GlobalSection(ProjectConfigurationPlatforms) = postSolution
		{9C1A420F-CB43-4F8C-A4A8-3991ABBF26A7}.Debug|Any CPU.ActiveCfg = Debug|Any CPU
		{9C1A420F-CB43-4F8C-A4A8-3991ABBF26A7}.Debug|Any CPU.Build.0 = Debug|Any CPU
		{9C1A420F-CB43-4F8C-A4A8-3991ABBF26A7}.Release|Any CPU.ActiveCfg = Release|Any CPU
		{9C1A420F-CB43-4F8C-A4A8-3991ABBF26A7}.Release|Any CPU.Build.0 = Release|Any CPU
		{383A0347-DE16-4560-A1C7-DE859B285590}.Debug|Any CPU.ActiveCfg = Debug|Any CPU
		{383A0347-DE16-4560-A1C7-DE859B285590}.Debug|Any CPU.Build.0 = Debug|Any CPU
		{383A0347-DE16-4560-A1C7-DE859B285590}.Release|Any CPU.ActiveCfg = Release|Any CPU
		{383A0347-DE16-4560-A1C7-DE859B285590}.Release|Any CPU.Build.0 = Release|Any CPU
	EndGlobalSection
EndGlobal
